
Microsoft Visual Studio Solution File, Format Version 12.00
# Visual Studio Version 16
VisualStudioVersion = 16.0.29519.87
MinimumVisualStudioVersion = 10.0.40219.1
Project("{9A19103F-16F7-4668-BE54-9A1E7A4F7556}") = "SSW.Med-Man.MVC", "..\1.SSW.Med-Man.MVC\SSW.Med-Man.MVC.csproj", "{81682984-369A-45A5-B9B7-A635C684C3F2}"
EndProject
Project("{2150E333-8FDC-42A3-9474-1A3956D46DE8}") = "1. MVC", "1. MVC", "{AE58D6F5-E725-48B3-B01A-B72E725E1EF1}"
EndProject
Project("{2150E333-8FDC-42A3-9474-1A3956D46DE8}") = "2. MVC with Auth", "2. MVC with Auth", "{968E2800-330B-4329-86F1-F62E338067C3}"
EndProject
Project("{9A19103F-16F7-4668-BE54-9A1E7A4F7556}") = "SSW.Med-Man.MVC", "..\2.SSW.Med-Man.MVC - with Auth\SSW.Med-Man.MVC.csproj", "{EAE9C1D8-406F-4B92-BD43-E472770F9E8F}"
EndProject
Project("{2150E333-8FDC-42A3-9474-1A3956D46DE8}") = "3. SPA", "3. SPA", "{81893DAA-755A-48F4-88B0-FEC9D4D4CC6E}"
EndProject
Project("{9A19103F-16F7-4668-BE54-9A1E7A4F7556}") = "SSW.Med-Man.API", "..\3.SSW.Med-Man.SPA\Server\SSW.Med-Man.API.csproj", "{9B8E81F0-05F7-4E0F-A4DF-93A6CAB6C7F6}"
EndProject
Project("{2150E333-8FDC-42A3-9474-1A3956D46DE8}") = "4. B2C", "4. B2C", "{CC4B8A41-7D02-472F-BA07-8454155ACD59}"
EndProject
Project("{9A19103F-16F7-4668-BE54-9A1E7A4F7556}") = "SSW.Med-Man.API", "..\4.SSW.Med-Man.B2C\Server\SSW.Med-Man.API.csproj", "{CDC0EF46-F9D8-44F9-B18B-FDB3AE41FE15}"
EndProject
Project("{9A19103F-16F7-4668-BE54-9A1E7A4F7556}") = "Azure Function", "..\4.SSW.Med-Man.B2C\Azure Function\Azure Function.csproj", "{F7635181-C4E7-499F-A37E-864484DF2415}"
EndProject
Project("{2150E333-8FDC-42A3-9474-1A3956D46DE8}") = "5. Auth0", "5. Auth0", "{E7AEC557-03B6-4F7D-9DA2-73744864AA28}"
EndProject
Project("{9A19103F-16F7-4668-BE54-9A1E7A4F7556}") = "SSW.Med-Man.API", "..\5.SSW-Med-Man.Auth0\Server\SSW.Med-Man.API.csproj", "{4707FCAD-EF55-4830-B63F-E06E09D1DB31}"
EndProject
Project("{2150E333-8FDC-42A3-9474-1A3956D46DE8}") = "6. Windows Auth", "6. Windows Auth", "{58822BAD-D199-4CD2-892B-4F9E396F3362}"
EndProject
Project("{9A19103F-16F7-4668-BE54-9A1E7A4F7556}") = "SSW.Med-Man.API", "..\6.SSW.Med-Man.WindowsAuth\Server\SSW.Med-Man.API.csproj", "{BAFD4BCA-FC16-434D-BB2F-FB51D2CCFA2A}"
EndProject
Project("{FAE04EC0-301F-11D3-BF4B-00C04F79EFBC}") = "SSW.Med-Man.ADSearch", "..\6.SSW.Med-Man.WindowsAuth\Server\SSW.Med-Man.ADSearch\SSW.Med-Man.ADSearch.csproj", "{4CA58B77-BD09-4D98-9420-5519D8056D2B}"
EndProject
Global
	GlobalSection(SolutionConfigurationPlatforms) = preSolution
		Debug|Any CPU = Debug|Any CPU
		Release|Any CPU = Release|Any CPU
	EndGlobalSection
	GlobalSection(ProjectConfigurationPlatforms) = postSolution
		{81682984-369A-45A5-B9B7-A635C684C3F2}.Debug|Any CPU.ActiveCfg = Debug|Any CPU
		{81682984-369A-45A5-B9B7-A635C684C3F2}.Debug|Any CPU.Build.0 = Debug|Any CPU
		{81682984-369A-45A5-B9B7-A635C684C3F2}.Release|Any CPU.ActiveCfg = Release|Any CPU
		{81682984-369A-45A5-B9B7-A635C684C3F2}.Release|Any CPU.Build.0 = Release|Any CPU
		{EAE9C1D8-406F-4B92-BD43-E472770F9E8F}.Debug|Any CPU.ActiveCfg = Debug|Any CPU
		{EAE9C1D8-406F-4B92-BD43-E472770F9E8F}.Debug|Any CPU.Build.0 = Debug|Any CPU
		{EAE9C1D8-406F-4B92-BD43-E472770F9E8F}.Release|Any CPU.ActiveCfg = Release|Any CPU
		{EAE9C1D8-406F-4B92-BD43-E472770F9E8F}.Release|Any CPU.Build.0 = Release|Any CPU
		{9B8E81F0-05F7-4E0F-A4DF-93A6CAB6C7F6}.Debug|Any CPU.ActiveCfg = Debug|Any CPU
		{9B8E81F0-05F7-4E0F-A4DF-93A6CAB6C7F6}.Debug|Any CPU.Build.0 = Debug|Any CPU
		{9B8E81F0-05F7-4E0F-A4DF-93A6CAB6C7F6}.Release|Any CPU.ActiveCfg = Release|Any CPU
		{9B8E81F0-05F7-4E0F-A4DF-93A6CAB6C7F6}.Release|Any CPU.Build.0 = Release|Any CPU
		{CDC0EF46-F9D8-44F9-B18B-FDB3AE41FE15}.Debug|Any CPU.ActiveCfg = Debug|Any CPU
		{CDC0EF46-F9D8-44F9-B18B-FDB3AE41FE15}.Debug|Any CPU.Build.0 = Debug|Any CPU
		{CDC0EF46-F9D8-44F9-B18B-FDB3AE41FE15}.Release|Any CPU.ActiveCfg = Release|Any CPU
		{CDC0EF46-F9D8-44F9-B18B-FDB3AE41FE15}.Release|Any CPU.Build.0 = Release|Any CPU
		{F7635181-C4E7-499F-A37E-864484DF2415}.Debug|Any CPU.ActiveCfg = Debug|Any CPU
		{F7635181-C4E7-499F-A37E-864484DF2415}.Debug|Any CPU.Build.0 = Debug|Any CPU
		{F7635181-C4E7-499F-A37E-864484DF2415}.Release|Any CPU.ActiveCfg = Release|Any CPU
		{F7635181-C4E7-499F-A37E-864484DF2415}.Release|Any CPU.Build.0 = Release|Any CPU
		{4707FCAD-EF55-4830-B63F-E06E09D1DB31}.Debug|Any CPU.ActiveCfg = Debug|Any CPU
		{4707FCAD-EF55-4830-B63F-E06E09D1DB31}.Debug|Any CPU.Build.0 = Debug|Any CPU
		{4707FCAD-EF55-4830-B63F-E06E09D1DB31}.Release|Any CPU.ActiveCfg = Release|Any CPU
		{4707FCAD-EF55-4830-B63F-E06E09D1DB31}.Release|Any CPU.Build.0 = Release|Any CPU
		{BAFD4BCA-FC16-434D-BB2F-FB51D2CCFA2A}.Debug|Any CPU.ActiveCfg = Debug|Any CPU
		{BAFD4BCA-FC16-434D-BB2F-FB51D2CCFA2A}.Debug|Any CPU.Build.0 = Debug|Any CPU
		{BAFD4BCA-FC16-434D-BB2F-FB51D2CCFA2A}.Release|Any CPU.ActiveCfg = Release|Any CPU
		{BAFD4BCA-FC16-434D-BB2F-FB51D2CCFA2A}.Release|Any CPU.Build.0 = Release|Any CPU
		{4CA58B77-BD09-4D98-9420-5519D8056D2B}.Debug|Any CPU.ActiveCfg = Debug|Any CPU
		{4CA58B77-BD09-4D98-9420-5519D8056D2B}.Debug|Any CPU.Build.0 = Debug|Any CPU
		{4CA58B77-BD09-4D98-9420-5519D8056D2B}.Release|Any CPU.ActiveCfg = Release|Any CPU
		{4CA58B77-BD09-4D98-9420-5519D8056D2B}.Release|Any CPU.Build.0 = Release|Any CPU
	EndGlobalSection
	GlobalSection(SolutionProperties) = preSolution
		HideSolutionNode = FALSE
	EndGlobalSection
	GlobalSection(NestedProjects) = preSolution
		{81682984-369A-45A5-B9B7-A635C684C3F2} = {AE58D6F5-E725-48B3-B01A-B72E725E1EF1}
		{EAE9C1D8-406F-4B92-BD43-E472770F9E8F} = {968E2800-330B-4329-86F1-F62E338067C3}
		{9B8E81F0-05F7-4E0F-A4DF-93A6CAB6C7F6} = {81893DAA-755A-48F4-88B0-FEC9D4D4CC6E}
		{CDC0EF46-F9D8-44F9-B18B-FDB3AE41FE15} = {CC4B8A41-7D02-472F-BA07-8454155ACD59}
		{F7635181-C4E7-499F-A37E-864484DF2415} = {CC4B8A41-7D02-472F-BA07-8454155ACD59}
		{4707FCAD-EF55-4830-B63F-E06E09D1DB31} = {E7AEC557-03B6-4F7D-9DA2-73744864AA28}
		{BAFD4BCA-FC16-434D-BB2F-FB51D2CCFA2A} = {58822BAD-D199-4CD2-892B-4F9E396F3362}
		{4CA58B77-BD09-4D98-9420-5519D8056D2B} = {58822BAD-D199-4CD2-892B-4F9E396F3362}
	EndGlobalSection
	GlobalSection(ExtensibilityGlobals) = postSolution
		SolutionGuid = {22BDDBF4-A73A-473A-A96F-0EBB1D9BF82A}
	EndGlobalSection
EndGlobal
