
Microsoft Visual Studio Solution File, Format Version 12.00
# Visual Studio Version 16
VisualStudioVersion = 16.0.29519.87
MinimumVisualStudioVersion = 10.0.40219.1
Project("{FAE04EC0-301F-11D3-BF4B-00C04F79EFBC}") = "SSW.Med-Man.MVC", "SSW.Med-Man.MVC.csproj", "{8D6DD598-E292-42E8-8C2F-DA234A4BFB11}"
EndProject
Global
	GlobalSection(SolutionConfigurationPlatforms) = preSolution
		Debug|Any CPU = Debug|Any CPU
		Release|Any CPU = Release|Any CPU
	EndGlobalSection
	GlobalSection(ProjectConfigurationPlatforms) = postSolution
		{8D6DD598-E292-42E8-8C2F-DA234A4BFB11}.Debug|Any CPU.ActiveCfg = Debug|Any CPU
		{8D6DD598-E292-42E8-8C2F-DA234A4BFB11}.Debug|Any CPU.Build.0 = Debug|Any CPU
		{8D6DD598-E292-42E8-8C2F-DA234A4BFB11}.Release|Any CPU.ActiveCfg = Release|Any CPU
		{8D6DD598-E292-42E8-8C2F-DA234A4BFB11}.Release|Any CPU.Build.0 = Release|Any CPU
	EndGlobalSection
	GlobalSection(SolutionProperties) = preSolution
		HideSolutionNode = FALSE
	EndGlobalSection
	GlobalSection(ExtensibilityGlobals) = postSolution
		SolutionGuid = {8E3716AF-8B37-4EB4-950F-4B4800119F5C}
	EndGlobalSection
EndGlobal
